// !$*UTF8*$!
{
	archiveVersion = 1;
	classes = {
	};
	objectVersion = 46;
	objects = {

/* Begin PBXBuildFile section */
		A145223C1A4D0EA60086FF6D /* AppDelegate.swift in Sources */ = {isa = PBXBuildFile; fileRef = A145223B1A4D0EA60086FF6D /* AppDelegate.swift */; };
		A145223E1A4D0EA60086FF6D /* ViewController.swift in Sources */ = {isa = PBXBuildFile; fileRef = A145223D1A4D0EA60086FF6D /* ViewController.swift */; };
		A14522411A4D0EA60086FF6D /* Main.storyboard in Resources */ = {isa = PBXBuildFile; fileRef = A145223F1A4D0EA60086FF6D /* Main.storyboard */; };
		A14522431A4D0EA60086FF6D /* Images.xcassets in Resources */ = {isa = PBXBuildFile; fileRef = A14522421A4D0EA60086FF6D /* Images.xcassets */; };
		A14522461A4D0EA60086FF6D /* LaunchScreen.xib in Resources */ = {isa = PBXBuildFile; fileRef = A14522441A4D0EA60086FF6D /* LaunchScreen.xib */; };
		A14522521A4D0EA60086FF6D /* DigestTestTests.swift in Sources */ = {isa = PBXBuildFile; fileRef = A14522511A4D0EA60086FF6D /* DigestTestTests.swift */; };
/* End PBXBuildFile section */

/* Begin PBXContainerItemProxy section */
		A145224C1A4D0EA60086FF6D /* PBXContainerItemProxy */ = {
			isa = PBXContainerItemProxy;
			containerPortal = A145222E1A4D0EA60086FF6D /* Project object */;
			proxyType = 1;
			remoteGlobalIDString = A14522351A4D0EA60086FF6D;
			remoteInfo = DigestTest;
		};
/* End PBXContainerItemProxy section */

/* Begin PBXFileReference section */
		A14522361A4D0EA60086FF6D /* DigestTest.app */ = {isa = PBXFileReference; explicitFileType = wrapper.application; includeInIndex = 0; path = DigestTest.app; sourceTree = BUILT_PRODUCTS_DIR; };
		A145223A1A4D0EA60086FF6D /* Info.plist */ = {isa = PBXFileReference; lastKnownFileType = text.plist.xml; path = Info.plist; sourceTree = "<group>"; };
		A145223B1A4D0EA60086FF6D /* AppDelegate.swift */ = {isa = PBXFileReference; lastKnownFileType = sourcecode.swift; path = AppDelegate.swift; sourceTree = "<group>"; };
		A145223D1A4D0EA60086FF6D /* ViewController.swift */ = {isa = PBXFileReference; lastKnownFileType = sourcecode.swift; path = ViewController.swift; sourceTree = "<group>"; };
		A14522401A4D0EA60086FF6D /* Base */ = {isa = PBXFileReference; lastKnownFileType = file.storyboard; name = Base; path = Base.lproj/Main.storyboard; sourceTree = "<group>"; };
		A14522421A4D0EA60086FF6D /* Images.xcassets */ = {isa = PBXFileReference; lastKnownFileType = folder.assetcatalog; path = Images.xcassets; sourceTree = "<group>"; };
		A14522451A4D0EA60086FF6D /* Base */ = {isa = PBXFileReference; lastKnownFileType = file.xib; name = Base; path = Base.lproj/LaunchScreen.xib; sourceTree = "<group>"; };
		A145224B1A4D0EA60086FF6D /* DigestTestTests.xctest */ = {isa = PBXFileReference; explicitFileType = wrapper.cfbundle; includeInIndex = 0; path = DigestTestTests.xctest; sourceTree = BUILT_PRODUCTS_DIR; };
		A14522501A4D0EA60086FF6D /* Info.plist */ = {isa = PBXFileReference; lastKnownFileType = text.plist.xml; path = Info.plist; sourceTree = "<group>"; };
		A14522511A4D0EA60086FF6D /* DigestTestTests.swift */ = {isa = PBXFileReference; lastKnownFileType = sourcecode.swift; path = DigestTestTests.swift; sourceTree = "<group>"; };
/* End PBXFileReference section */

/* Begin PBXFrameworksBuildPhase section */
		A14522331A4D0EA60086FF6D /* Frameworks */ = {
			isa = PBXFrameworksBuildPhase;
			buildActionMask = 2147483647;
			files = (
			);
			runOnlyForDeploymentPostprocessing = 0;
		};
		A14522481A4D0EA60086FF6D /* Frameworks */ = {
			isa = PBXFrameworksBuildPhase;
			buildActionMask = 2147483647;
			files = (
			);
			runOnlyForDeploymentPostprocessing = 0;
		};
/* End PBXFrameworksBuildPhase section */

/* Begin PBXGroup section */
		A145222D1A4D0EA60086FF6D = {
			isa = PBXGroup;
			children = (
				A14522381A4D0EA60086FF6D /* DigestTest */,
				A145224E1A4D0EA60086FF6D /* DigestTestTests */,
				A14522371A4D0EA60086FF6D /* Products */,
			);
			sourceTree = "<group>";
		};
		A14522371A4D0EA60086FF6D /* Products */ = {
			isa = PBXGroup;
			children = (
				A14522361A4D0EA60086FF6D /* DigestTest.app */,
				A145224B1A4D0EA60086FF6D /* DigestTestTests.xctest */,
			);
			name = Products;
			sourceTree = "<group>";
		};
		A14522381A4D0EA60086FF6D /* DigestTest */ = {
			isa = PBXGroup;
			children = (
				A145223B1A4D0EA60086FF6D /* AppDelegate.swift */,
				A145223D1A4D0EA60086FF6D /* ViewController.swift */,
				A145223F1A4D0EA60086FF6D /* Main.storyboard */,
				A14522421A4D0EA60086FF6D /* Images.xcassets */,
				A14522441A4D0EA60086FF6D /* LaunchScreen.xib */,
				A14522391A4D0EA60086FF6D /* Supporting Files */,
			);
			path = DigestTest;
			sourceTree = "<group>";
		};
		A14522391A4D0EA60086FF6D /* Supporting Files */ = {
			isa = PBXGroup;
			children = (
				A145223A1A4D0EA60086FF6D /* Info.plist */,
			);
			name = "Supporting Files";
			sourceTree = "<group>";
		};
		A145224E1A4D0EA60086FF6D /* DigestTestTests */ = {
			isa = PBXGroup;
			children = (
				A14522511A4D0EA60086FF6D /* DigestTestTests.swift */,
				A145224F1A4D0EA60086FF6D /* Supporting Files */,
			);
			path = DigestTestTests;
			sourceTree = "<group>";
		};
		A145224F1A4D0EA60086FF6D /* Supporting Files */ = {
			isa = PBXGroup;
			children = (
				A14522501A4D0EA60086FF6D /* Info.plist */,
			);
			name = "Supporting Files";
			sourceTree = "<group>";
		};
/* End PBXGroup section */

/* Begin PBXNativeTarget section */
		A14522351A4D0EA60086FF6D /* DigestTest */ = {
			isa = PBXNativeTarget;
			buildConfigurationList = A14522551A4D0EA60086FF6D /* Build configuration list for PBXNativeTarget "DigestTest" */;
			buildPhases = (
				A14522321A4D0EA60086FF6D /* Sources */,
				A14522331A4D0EA60086FF6D /* Frameworks */,
				A14522341A4D0EA60086FF6D /* Resources */,
			);
			buildRules = (
			);
			dependencies = (
			);
			name = DigestTest;
			productName = DigestTest;
			productReference = A14522361A4D0EA60086FF6D /* DigestTest.app */;
			productType = "com.apple.product-type.application";
		};
		A145224A1A4D0EA60086FF6D /* DigestTestTests */ = {
			isa = PBXNativeTarget;
			buildConfigurationList = A14522581A4D0EA60086FF6D /* Build configuration list for PBXNativeTarget "DigestTestTests" */;
			buildPhases = (
				A14522471A4D0EA60086FF6D /* Sources */,
				A14522481A4D0EA60086FF6D /* Frameworks */,
				A14522491A4D0EA60086FF6D /* Resources */,
			);
			buildRules = (
			);
			dependencies = (
				A145224D1A4D0EA60086FF6D /* PBXTargetDependency */,
			);
			name = DigestTestTests;
			productName = DigestTestTests;
			productReference = A145224B1A4D0EA60086FF6D /* DigestTestTests.xctest */;
			productType = "com.apple.product-type.bundle.unit-test";
		};
/* End PBXNativeTarget section */

/* Begin PBXProject section */
		A145222E1A4D0EA60086FF6D /* Project object */ = {
			isa = PBXProject;
			attributes = {
				LastUpgradeCheck = 0610;
				ORGANIZATIONNAME = "PP Productions LLC";
				TargetAttributes = {
					A14522351A4D0EA60086FF6D = {
						CreatedOnToolsVersion = 6.1.1;
					};
					A145224A1A4D0EA60086FF6D = {
						CreatedOnToolsVersion = 6.1.1;
						TestTargetID = A14522351A4D0EA60086FF6D;
					};
				};
			};
			buildConfigurationList = A14522311A4D0EA60086FF6D /* Build configuration list for PBXProject "DigestTest" */;
			compatibilityVersion = "Xcode 3.2";
			developmentRegion = English;
			hasScannedForEncodings = 0;
			knownRegions = (
				en,
				Base,
			);
			mainGroup = A145222D1A4D0EA60086FF6D;
			productRefGroup = A14522371A4D0EA60086FF6D /* Products */;
			projectDirPath = "";
			projectRoot = "";
			targets = (
				A14522351A4D0EA60086FF6D /* DigestTest */,
				A145224A1A4D0EA60086FF6D /* DigestTestTests */,
			);
		};
/* End PBXProject section */

/* Begin PBXResourcesBuildPhase section */
		A14522341A4D0EA60086FF6D /* Resources */ = {
			isa = PBXResourcesBuildPhase;
			buildActionMask = 2147483647;
			files = (
				A14522411A4D0EA60086FF6D /* Main.storyboard in Resources */,
				A14522461A4D0EA60086FF6D /* LaunchScreen.xib in Resources */,
				A14522431A4D0EA60086FF6D /* Images.xcassets in Resources */,
			);
			runOnlyForDeploymentPostprocessing = 0;
		};
		A14522491A4D0EA60086FF6D /* Resources */ = {
			isa = PBXResourcesBuildPhase;
			buildActionMask = 2147483647;
			files = (
			);
			runOnlyForDeploymentPostprocessing = 0;
		};
/* End PBXResourcesBuildPhase section */

/* Begin PBXSourcesBuildPhase section */
		A14522321A4D0EA60086FF6D /* Sources */ = {
			isa = PBXSourcesBuildPhase;
			buildActionMask = 2147483647;
			files = (
				A145223E1A4D0EA60086FF6D /* ViewController.swift in Sources */,
				A145223C1A4D0EA60086FF6D /* AppDelegate.swift in Sources */,
			);
			runOnlyForDeploymentPostprocessing = 0;
		};
		A14522471A4D0EA60086FF6D /* Sources */ = {
			isa = PBXSourcesBuildPhase;
			buildActionMask = 2147483647;
			files = (
				A14522521A4D0EA60086FF6D /* DigestTestTests.swift in Sources */,
			);
			runOnlyForDeploymentPostprocessing = 0;
		};
/* End PBXSourcesBuildPhase section */

/* Begin PBXTargetDependency section */
		A145224D1A4D0EA60086FF6D /* PBXTargetDependency */ = {
			isa = PBXTargetDependency;
			target = A14522351A4D0EA60086FF6D /* DigestTest */;
			targetProxy = A145224C1A4D0EA60086FF6D /* PBXContainerItemProxy */;
		};
/* End PBXTargetDependency section */

/* Begin PBXVariantGroup section */
		A145223F1A4D0EA60086FF6D /* Main.storyboard */ = {
			isa = PBXVariantGroup;
			children = (
				A14522401A4D0EA60086FF6D /* Base */,
			);
			name = Main.storyboard;
			sourceTree = "<group>";
		};
		A14522441A4D0EA60086FF6D /* LaunchScreen.xib */ = {
			isa = PBXVariantGroup;
			children = (
				A14522451A4D0EA60086FF6D /* Base */,
			);
			name = LaunchScreen.xib;
			sourceTree = "<group>";
		};
/* End PBXVariantGroup section */

/* Begin XCBuildConfiguration section */
		A14522531A4D0EA60086FF6D /* Debug */ = {
			isa = XCBuildConfiguration;
			buildSettings = {
				ALWAYS_SEARCH_USER_PATHS = NO;
				CLANG_CXX_LANGUAGE_STANDARD = "gnu++0x";
				CLANG_CXX_LIBRARY = "libc++";
				CLANG_ENABLE_MODULES = YES;
				CLANG_ENABLE_OBJC_ARC = YES;
				CLANG_WARN_BOOL_CONVERSION = YES;
				CLANG_WARN_CONSTANT_CONVERSION = YES;
				CLANG_WARN_DIRECT_OBJC_ISA_USAGE = YES_ERROR;
				CLANG_WARN_EMPTY_BODY = YES;
				CLANG_WARN_ENUM_CONVERSION = YES;
				CLANG_WARN_INT_CONVERSION = YES;
				CLANG_WARN_OBJC_ROOT_CLASS = YES_ERROR;
				CLANG_WARN_UNREACHABLE_CODE = YES;
				CLANG_WARN__DUPLICATE_METHOD_MATCH = YES;
				"CODE_SIGN_IDENTITY[sdk=iphoneos*]" = "iPhone Developer";
				COPY_PHASE_STRIP = NO;
				ENABLE_STRICT_OBJC_MSGSEND = YES;
				GCC_C_LANGUAGE_STANDARD = gnu99;
				GCC_DYNAMIC_NO_PIC = NO;
				GCC_OPTIMIZATION_LEVEL = 0;
				GCC_PREPROCESSOR_DEFINITIONS = (
					"DEBUG=1",
					"$(inherited)",
				);
				GCC_SYMBOLS_PRIVATE_EXTERN = NO;
				GCC_WARN_64_TO_32_BIT_CONVERSION = YES;
				GCC_WARN_ABOUT_RETURN_TYPE = YES_ERROR;
				GCC_WARN_UNDECLARED_SELECTOR = YES;
				GCC_WARN_UNINITIALIZED_AUTOS = YES_AGGRESSIVE;
				GCC_WARN_UNUSED_FUNCTION = YES;
				GCC_WARN_UNUSED_VARIABLE = YES;
				IPHONEOS_DEPLOYMENT_TARGET = 8.1;
				MTL_ENABLE_DEBUG_INFO = YES;
				ONLY_ACTIVE_ARCH = YES;
				SDKROOT = iphoneos;
				SWIFT_OPTIMIZATION_LEVEL = "-Onone";
			};
			name = Debug;
		};
		A14522541A4D0EA60086FF6D /* Release */ = {
			isa = XCBuildConfiguration;
			buildSettings = {
				ALWAYS_SEARCH_USER_PATHS = NO;
				CLANG_CXX_LANGUAGE_STANDARD = "gnu++0x";
				CLANG_CXX_LIBRARY = "libc++";
				CLANG_ENABLE_MODULES = YES;
				CLANG_ENABLE_OBJC_ARC = YES;
				CLANG_WARN_BOOL_CONVERSION = YES;
				CLANG_WARN_CONSTANT_CONVERSION = YES;
				CLANG_WARN_DIRECT_OBJC_ISA_USAGE = YES_ERROR;
				CLANG_WARN_EMPTY_BODY = YES;
				CLANG_WARN_ENUM_CONVERSION = YES;
				CLANG_WARN_INT_CONVERSION = YES;
				CLANG_WARN_OBJC_ROOT_CLASS = YES_ERROR;
				CLANG_WARN_UNREACHABLE_CODE = YES;
				CLANG_WARN__DUPLICATE_METHOD_MATCH = YES;
				"CODE_SIGN_IDENTITY[sdk=iphoneos*]" = "iPhone Developer";
				COPY_PHASE_STRIP = YES;
				ENABLE_NS_ASSERTIONS = NO;
				ENABLE_STRICT_OBJC_MSGSEND = YES;
				GCC_C_LANGUAGE_STANDARD = gnu99;
				GCC_WARN_64_TO_32_BIT_CONVERSION = YES;
				GCC_WARN_ABOUT_RETURN_TYPE = YES_ERROR;
				GCC_WARN_UNDECLARED_SELECTOR = YES;
				GCC_WARN_UNINITIALIZED_AUTOS = YES_AGGRESSIVE;
				GCC_WARN_UNUSED_FUNCTION = YES;
				GCC_WARN_UNUSED_VARIABLE = YES;
				IPHONEOS_DEPLOYMENT_TARGET = 8.1;
				MTL_ENABLE_DEBUG_INFO = NO;
				SDKROOT = iphoneos;
				VALIDATE_PRODUCT = YES;
			};
			name = Release;
		};
		A14522561A4D0EA60086FF6D /* Debug */ = {
			isa = XCBuildConfiguration;
			buildSettings = {
				ASSETCATALOG_COMPILER_APPICON_NAME = AppIcon;
				INFOPLIST_FILE = DigestTest/Info.plist;
				LD_RUNPATH_SEARCH_PATHS = "$(inherited) @executable_path/Frameworks";
				PRODUCT_NAME = "$(TARGET_NAME)";
			};
			name = Debug;
		};
		A14522571A4D0EA60086FF6D /* Release */ = {
			isa = XCBuildConfiguration;
			buildSettings = {
				ASSETCATALOG_COMPILER_APPICON_NAME = AppIcon;
				INFOPLIST_FILE = DigestTest/Info.plist;
				LD_RUNPATH_SEARCH_PATHS = "$(inherited) @executable_path/Frameworks";
				PRODUCT_NAME = "$(TARGET_NAME)";
			};
			name = Release;
		};
		A14522591A4D0EA60086FF6D /* Debug */ = {
			isa = XCBuildConfiguration;
			buildSettings = {
				BUNDLE_LOADER = "$(TEST_HOST)";
				FRAMEWORK_SEARCH_PATHS = (
					"$(SDKROOT)/Developer/Library/Frameworks",
					"$(inherited)",
				);
				GCC_PREPROCESSOR_DEFINITIONS = (
					"DEBUG=1",
					"$(inherited)",
				);
				INFOPLIST_FILE = DigestTestTests/Info.plist;
				LD_RUNPATH_SEARCH_PATHS = "$(inherited) @executable_path/Frameworks @loader_path/Frameworks";
				PRODUCT_NAME = "$(TARGET_NAME)";
				TEST_HOST = "$(BUILT_PRODUCTS_DIR)/DigestTest.app/DigestTest";
			};
			name = Debug;
		};
		A145225A1A4D0EA60086FF6D /* Release */ = {
			isa = XCBuildConfiguration;
			buildSettings = {
				BUNDLE_LOADER = "$(TEST_HOST)";
				FRAMEWORK_SEARCH_PATHS = (
					"$(SDKROOT)/Developer/Library/Frameworks",
					"$(inherited)",
				);
				INFOPLIST_FILE = DigestTestTests/Info.plist;
				LD_RUNPATH_SEARCH_PATHS = "$(inherited) @executable_path/Frameworks @loader_path/Frameworks";
				PRODUCT_NAME = "$(TARGET_NAME)";
				TEST_HOST = "$(BUILT_PRODUCTS_DIR)/DigestTest.app/DigestTest";
			};
			name = Release;
		};
/* End XCBuildConfiguration section */

/* Begin XCConfigurationList section */
		A14522311A4D0EA60086FF6D /* Build configuration list for PBXProject "DigestTest" */ = {
			isa = XCConfigurationList;
			buildConfigurations = (
				A14522531A4D0EA60086FF6D /* Debug */,
				A14522541A4D0EA60086FF6D /* Release */,
			);
			defaultConfigurationIsVisible = 0;
			defaultConfigurationName = Release;
		};
		A14522551A4D0EA60086FF6D /* Build configuration list for PBXNativeTarget "DigestTest" */ = {
			isa = XCConfigurationList;
			buildConfigurations = (
				A14522561A4D0EA60086FF6D /* Debug */,
				A14522571A4D0EA60086FF6D /* Release */,
			);
			defaultConfigurationIsVisible = 0;
		};
		A14522581A4D0EA60086FF6D /* Build configuration list for PBXNativeTarget "DigestTestTests" */ = {
			isa = XCConfigurationList;
			buildConfigurations = (
				A14522591A4D0EA60086FF6D /* Debug */,
				A145225A1A4D0EA60086FF6D /* Release */,
			);
			defaultConfigurationIsVisible = 0;
		};
/* End XCConfigurationList section */
	};
	rootObject = A145222E1A4D0EA60086FF6D /* Project object */;
}
